
Microsoft Visual Studio Solution File, Format Version 12.00
# Visual Studio Version 16
VisualStudioVersion = 16.0.31613.86
MinimumVisualStudioVersion = 10.0.40219.1
Project("{FAE04EC0-301F-11D3-BF4B-00C04F79EFBC}") = "PaymentAPI", "PaymentAPI\PaymentAPI.csproj", "{2CA655D3-1582-4007-BFE6-37BF90CECA7D}"
EndProject
Global
	GlobalSection(SolutionConfigurationPlatforms) = preSolution
		Debug|Any CPU = Debug|Any CPU
		Release|Any CPU = Release|Any CPU
	EndGlobalSection
	GlobalSection(ProjectConfigurationPlatforms) = postSolution
		{2CA655D3-1582-4007-BFE6-37BF90CECA7D}.Debug|Any CPU.ActiveCfg = Debug|Any CPU
		{2CA655D3-1582-4007-BFE6-37BF90CECA7D}.Debug|Any CPU.Build.0 = Debug|Any CPU
		{2CA655D3-1582-4007-BFE6-37BF90CECA7D}.Release|Any CPU.ActiveCfg = Release|Any CPU
		{2CA655D3-1582-4007-BFE6-37BF90CECA7D}.Release|Any CPU.Build.0 = Release|Any CPU
	EndGlobalSection
	GlobalSection(SolutionProperties) = preSolution
		HideSolutionNode = FALSE
	EndGlobalSection
	GlobalSection(ExtensibilityGlobals) = postSolution
		SolutionGuid = {1A07B8AA-62E7-4BBD-B493-803F5C09CB8A}
	EndGlobalSection
EndGlobal
